
Microsoft Visual Studio Solution File, Format Version 12.00
# Visual Studio Version 17
VisualStudioVersion = 17.5.2.0
MinimumVisualStudioVersion = 10.0.40219.1
Project("{FAE04EC0-301F-11D3-BF4B-00C04F79EFBC}") = "Granite.Data", "Granite.Data\Granite.Data.csproj", "{6F7FD93F-A147-4F69-BA56-F156D724057D}"
EndProject
Project("{FAE04EC0-301F-11D3-BF4B-00C04F79EFBC}") = "Granite.Mod", "Granite.Mod\Granite.Mod.csproj", "{3162DB32-4088-4AD0-91BA-111E95889316}"
EndProject
Project("{FAE04EC0-301F-11D3-BF4B-00C04F79EFBC}") = "Granite.Common", "Granite.Common\Granite.Common.csproj", "{BCA2BE9F-4650-4D1C-BB0B-0FD6E1C2E931}"
EndProject
Project("{FAE04EC0-301F-11D3-BF4B-00C04F79EFBC}") = "Granite.Server", "Granite.Server\Granite.Server.csproj", "{C676110A-E78D-426C-80BF-3BFA9B7D9FEE}"
EndProject
Project("{FAE04EC0-301F-11D3-BF4B-00C04F79EFBC}") = "Granite.Tests", "Granite.Tests\Granite.Tests.csproj", "{1E4B5E09-77F3-4044-AA6C-53E981E1D176}"
EndProject
Project("{FAE04EC0-301F-11D3-BF4B-00C04F79EFBC}") = "Granite.Web.Client", "Granite.Web.Client\Granite.Web.Client.csproj", "{4F037296-B34D-4F0C-9740-A1176ED083E8}"
EndProject
Project("{FAE04EC0-301F-11D3-BF4B-00C04F79EFBC}") = "Granite.Web.Tests", "Granite.Web.Tests\Granite.Web.Tests.csproj", "{3F5AF7D6-6DE9-418F-A9A2-03DCD33A65D1}"
EndProject
Project("{FAE04EC0-301F-11D3-BF4B-00C04F79EFBC}") = "Granite.Integration.Tests", "Granite.Integration.Tests\Granite.Integration.Tests.csproj", "{ECD3D562-B266-4C4B-8CA5-78648D556341}"
EndProject
Project("{FAE04EC0-301F-11D3-BF4B-00C04F79EFBC}") = "Granite.Mod.Tests", "Granite.Mod.Tests\Granite.Mod.Tests.csproj", "{D40D5925-41D0-46B1-ABE8-11D6B366896A}"
EndProject
Global
	GlobalSection(SolutionConfigurationPlatforms) = preSolution
		Debug|Any CPU = Debug|Any CPU
		Release|Any CPU = Release|Any CPU
	EndGlobalSection
	GlobalSection(ProjectConfigurationPlatforms) = postSolution
		{6F7FD93F-A147-4F69-BA56-F156D724057D}.Debug|Any CPU.ActiveCfg = Debug|Any CPU
		{6F7FD93F-A147-4F69-BA56-F156D724057D}.Debug|Any CPU.Build.0 = Debug|Any CPU
		{6F7FD93F-A147-4F69-BA56-F156D724057D}.Release|Any CPU.ActiveCfg = Release|Any CPU
		{6F7FD93F-A147-4F69-BA56-F156D724057D}.Release|Any CPU.Build.0 = Release|Any CPU
		{3162DB32-4088-4AD0-91BA-111E95889316}.Debug|Any CPU.ActiveCfg = Debug|Any CPU
		{3162DB32-4088-4AD0-91BA-111E95889316}.Debug|Any CPU.Build.0 = Debug|Any CPU
		{3162DB32-4088-4AD0-91BA-111E95889316}.Release|Any CPU.ActiveCfg = Release|Any CPU
		{3162DB32-4088-4AD0-91BA-111E95889316}.Release|Any CPU.Build.0 = Release|Any CPU
		{BCA2BE9F-4650-4D1C-BB0B-0FD6E1C2E931}.Debug|Any CPU.ActiveCfg = Debug|Any CPU
		{BCA2BE9F-4650-4D1C-BB0B-0FD6E1C2E931}.Debug|Any CPU.Build.0 = Debug|Any CPU
		{BCA2BE9F-4650-4D1C-BB0B-0FD6E1C2E931}.Release|Any CPU.ActiveCfg = Release|Any CPU
		{BCA2BE9F-4650-4D1C-BB0B-0FD6E1C2E931}.Release|Any CPU.Build.0 = Release|Any CPU
		{C676110A-E78D-426C-80BF-3BFA9B7D9FEE}.Debug|Any CPU.ActiveCfg = Debug|Any CPU
		{C676110A-E78D-426C-80BF-3BFA9B7D9FEE}.Debug|Any CPU.Build.0 = Debug|Any CPU
		{C676110A-E78D-426C-80BF-3BFA9B7D9FEE}.Release|Any CPU.ActiveCfg = Release|Any CPU
		{C676110A-E78D-426C-80BF-3BFA9B7D9FEE}.Release|Any CPU.Build.0 = Release|Any CPU
		{1E4B5E09-77F3-4044-AA6C-53E981E1D176}.Debug|Any CPU.ActiveCfg = Debug|Any CPU
		{1E4B5E09-77F3-4044-AA6C-53E981E1D176}.Debug|Any CPU.Build.0 = Debug|Any CPU
		{1E4B5E09-77F3-4044-AA6C-53E981E1D176}.Release|Any CPU.ActiveCfg = Release|Any CPU
		{1E4B5E09-77F3-4044-AA6C-53E981E1D176}.Release|Any CPU.Build.0 = Release|Any CPU
		{4F037296-B34D-4F0C-9740-A1176ED083E8}.Debug|Any CPU.ActiveCfg = Debug|Any CPU
		{4F037296-B34D-4F0C-9740-A1176ED083E8}.Debug|Any CPU.Build.0 = Debug|Any CPU
		{4F037296-B34D-4F0C-9740-A1176ED083E8}.Release|Any CPU.ActiveCfg = Release|Any CPU
		{4F037296-B34D-4F0C-9740-A1176ED083E8}.Release|Any CPU.Build.0 = Release|Any CPU
		{3F5AF7D6-6DE9-418F-A9A2-03DCD33A65D1}.Debug|Any CPU.ActiveCfg = Debug|Any CPU
		{3F5AF7D6-6DE9-418F-A9A2-03DCD33A65D1}.Debug|Any CPU.Build.0 = Debug|Any CPU
		{3F5AF7D6-6DE9-418F-A9A2-03DCD33A65D1}.Release|Any CPU.ActiveCfg = Release|Any CPU
		{3F5AF7D6-6DE9-418F-A9A2-03DCD33A65D1}.Release|Any CPU.Build.0 = Release|Any CPU
		{ECD3D562-B266-4C4B-8CA5-78648D556341}.Debug|Any CPU.ActiveCfg = Debug|Any CPU
		{ECD3D562-B266-4C4B-8CA5-78648D556341}.Debug|Any CPU.Build.0 = Debug|Any CPU
		{ECD3D562-B266-4C4B-8CA5-78648D556341}.Release|Any CPU.ActiveCfg = Release|Any CPU
		{ECD3D562-B266-4C4B-8CA5-78648D556341}.Release|Any CPU.Build.0 = Release|Any CPU
		{D40D5925-41D0-46B1-ABE8-11D6B366896A}.Debug|Any CPU.ActiveCfg = Debug|Any CPU
		{D40D5925-41D0-46B1-ABE8-11D6B366896A}.Debug|Any CPU.Build.0 = Debug|Any CPU
		{D40D5925-41D0-46B1-ABE8-11D6B366896A}.Release|Any CPU.ActiveCfg = Release|Any CPU
		{D40D5925-41D0-46B1-ABE8-11D6B366896A}.Release|Any CPU.Build.0 = Release|Any CPU
	EndGlobalSection
	GlobalSection(SolutionProperties) = preSolution
		HideSolutionNode = FALSE
	EndGlobalSection
	GlobalSection(ExtensibilityGlobals) = postSolution
		SolutionGuid = {3FF9FA44-9FEB-4C30-9CF7-C07C132B0F2A}
	EndGlobalSection
EndGlobal
